// !$*UTF8*$!
{
	archiveVersion = 1;
	classes = {
	};
	objectVersion = 48;
	objects = {

/* Begin PBXBuildFile section */
		1D5D994A1FDE6C4800A4E6B0 /* ChooseCurrencyViewController.swift in Sources */ = {isa = PBXBuildFile; fileRef = 1D5D99491FDE6C4800A4E6B0 /* ChooseCurrencyViewController.swift */; };
		1D5D994D1FDE6C5000A4E6B0 /* Converter.swift in Sources */ = {isa = PBXBuildFile; fileRef = 1D5D994B1FDE6C5000A4E6B0 /* Converter.swift */; };
		1D5D994E1FDE6C5000A4E6B0 /* initialRates.swift in Sources */ = {isa = PBXBuildFile; fileRef = 1D5D994C1FDE6C5000A4E6B0 /* initialRates.swift */; };
		1D6DFAAC1FD5E391005A6161 /* AppDelegate.swift in Sources */ = {isa = PBXBuildFile; fileRef = 1D6DFAAB1FD5E391005A6161 /* AppDelegate.swift */; };
		1D6DFAAE1FD5E391005A6161 /* ViewController.swift in Sources */ = {isa = PBXBuildFile; fileRef = 1D6DFAAD1FD5E391005A6161 /* ViewController.swift */; };
		1D6DFAB11FD5E391005A6161 /* Main.storyboard in Resources */ = {isa = PBXBuildFile; fileRef = 1D6DFAAF1FD5E391005A6161 /* Main.storyboard */; };
		1D6DFAB31FD5E391005A6161 /* Assets.xcassets in Resources */ = {isa = PBXBuildFile; fileRef = 1D6DFAB21FD5E391005A6161 /* Assets.xcassets */; };
		1D6DFAB61FD5E391005A6161 /* LaunchScreen.storyboard in Resources */ = {isa = PBXBuildFile; fileRef = 1D6DFAB41FD5E391005A6161 /* LaunchScreen.storyboard */; };
/* End PBXBuildFile section */

/* Begin PBXFileReference section */
		1D5D99491FDE6C4800A4E6B0 /* ChooseCurrencyViewController.swift */ = {isa = PBXFileReference; fileEncoding = 4; lastKnownFileType = sourcecode.swift; path = ChooseCurrencyViewController.swift; sourceTree = "<group>"; };
		1D5D994B1FDE6C5000A4E6B0 /* Converter.swift */ = {isa = PBXFileReference; fileEncoding = 4; lastKnownFileType = sourcecode.swift; path = Converter.swift; sourceTree = "<group>"; };
		1D5D994C1FDE6C5000A4E6B0 /* initialRates.swift */ = {isa = PBXFileReference; fileEncoding = 4; lastKnownFileType = sourcecode.swift; path = initialRates.swift; sourceTree = "<group>"; };
		1D6DFAA81FD5E391005A6161 /* currencyconverter.app */ = {isa = PBXFileReference; explicitFileType = wrapper.application; includeInIndex = 0; path = currencyconverter.app; sourceTree = BUILT_PRODUCTS_DIR; };
		1D6DFAAB1FD5E391005A6161 /* AppDelegate.swift */ = {isa = PBXFileReference; lastKnownFileType = sourcecode.swift; path = AppDelegate.swift; sourceTree = "<group>"; };
		1D6DFAAD1FD5E391005A6161 /* ViewController.swift */ = {isa = PBXFileReference; lastKnownFileType = sourcecode.swift; path = ViewController.swift; sourceTree = "<group>"; };
		1D6DFAB01FD5E391005A6161 /* Base */ = {isa = PBXFileReference; lastKnownFileType = file.storyboard; name = Base; path = Base.lproj/Main.storyboard; sourceTree = "<group>"; };
		1D6DFAB21FD5E391005A6161 /* Assets.xcassets */ = {isa = PBXFileReference; lastKnownFileType = folder.assetcatalog; path = Assets.xcassets; sourceTree = "<group>"; };
		1D6DFAB51FD5E391005A6161 /* Base */ = {isa = PBXFileReference; lastKnownFileType = file.storyboard; name = Base; path = Base.lproj/LaunchScreen.storyboard; sourceTree = "<group>"; };
/* End PBXFileReference section */

/* Begin PBXFrameworksBuildPhase section */
		1D6DFAA51FD5E391005A6161 /* Frameworks */ = {
			isa = PBXFrameworksBuildPhase;
			buildActionMask = 2147483647;
			files = (
			);
			runOnlyForDeploymentPostprocessing = 0;
		};
/* End PBXFrameworksBuildPhase section */

/* Begin PBXGroup section */
		1D6DFA9F1FD5E391005A6161 = {
			isa = PBXGroup;
			children = (
				1D6DFAAA1FD5E391005A6161 /* currencyconverter */,
				1D6DFAA91FD5E391005A6161 /* Products */,
			);
			sourceTree = "<group>";
		};
		1D6DFAA91FD5E391005A6161 /* Products */ = {
			isa = PBXGroup;
			children = (
				1D6DFAA81FD5E391005A6161 /* currencyconverter.app */,
			);
			name = Products;
			sourceTree = "<group>";
		};
		1D6DFAAA1FD5E391005A6161 /* currencyconverter */ = {
			isa = PBXGroup;
			children = (
				1D6DFAAB1FD5E391005A6161 /* AppDelegate.swift */,
				1D6DFAAD1FD5E391005A6161 /* ViewController.swift */,
				1D5D99491FDE6C4800A4E6B0 /* ChooseCurrencyViewController.swift */,
				1D6DFAAF1FD5E391005A6161 /* Main.storyboard */,
				1D6DFAB21FD5E391005A6161 /* Assets.xcassets */,
				1D6DFAB41FD5E391005A6161 /* LaunchScreen.storyboard */,
				1D5D994B1FDE6C5000A4E6B0 /* Converter.swift */,
				1D5D994C1FDE6C5000A4E6B0 /* initialRates.swift */,
			);
			path = currencyconverter;
			sourceTree = "<group>";
		};
/* End PBXGroup section */

/* Begin PBXNativeTarget section */
		1D6DFAA71FD5E391005A6161 /* currencyconverter */ = {
			isa = PBXNativeTarget;
			buildConfigurationList = 1D6DFABA1FD5E391005A6161 /* Build configuration list for PBXNativeTarget "currencyconverter" */;
			buildPhases = (
				1D6DFAA41FD5E391005A6161 /* Sources */,
				1D6DFAA51FD5E391005A6161 /* Frameworks */,
				1D6DFAA61FD5E391005A6161 /* Resources */,
			);
			buildRules = (
			);
			dependencies = (
			);
			name = currencyconverter;
			productName = currencyconverter;
			productReference = 1D6DFAA81FD5E391005A6161 /* currencyconverter.app */;
			productType = "com.apple.product-type.application";
		};
/* End PBXNativeTarget section */

/* Begin PBXProject section */
		1D6DFAA01FD5E391005A6161 /* Project object */ = {
			isa = PBXProject;
			attributes = {
				LastSwiftUpdateCheck = 0910;
				LastUpgradeCheck = 0910;
				ORGANIZATIONNAME = "YUMI KIM";
				TargetAttributes = {
					1D6DFAA71FD5E391005A6161 = {
						CreatedOnToolsVersion = 9.1;
						ProvisioningStyle = Automatic;
					};
				};
			};
			buildConfigurationList = 1D6DFAA31FD5E391005A6161 /* Build configuration list for PBXProject "currencyconverter" */;
			compatibilityVersion = "Xcode 8.0";
			developmentRegion = en;
			hasScannedForEncodings = 0;
			knownRegions = (
				en,
				Base,
			);
			mainGroup = 1D6DFA9F1FD5E391005A6161;
			productRefGroup = 1D6DFAA91FD5E391005A6161 /* Products */;
			projectDirPath = "";
			projectRoot = "";
			targets = (
				1D6DFAA71FD5E391005A6161 /* currencyconverter */,
			);
		};
/* End PBXProject section */

/* Begin PBXResourcesBuildPhase section */
		1D6DFAA61FD5E391005A6161 /* Resources */ = {
			isa = PBXResourcesBuildPhase;
			buildActionMask = 2147483647;
			files = (
				1D6DFAB61FD5E391005A6161 /* LaunchScreen.storyboard in Resources */,
				1D6DFAB31FD5E391005A6161 /* Assets.xcassets in Resources */,
				1D6DFAB11FD5E391005A6161 /* Main.storyboard in Resources */,
			);
			runOnlyForDeploymentPostprocessing = 0;
		};
/* End PBXResourcesBuildPhase section */

/* Begin PBXSourcesBuildPhase section */
		1D6DFAA41FD5E391005A6161 /* Sources */ = {
			isa = PBXSourcesBuildPhase;
			buildActionMask = 2147483647;
			files = (
				1D5D994A1FDE6C4800A4E6B0 /* ChooseCurrencyViewController.swift in Sources */,
				1D6DFAAE1FD5E391005A6161 /* ViewController.swift in Sources */,
				1D5D994E1FDE6C5000A4E6B0 /* initialRates.swift in Sources */,
				1D6DFAAC1FD5E391005A6161 /* AppDelegate.swift in Sources */,
				1D5D994D1FDE6C5000A4E6B0 /* Converter.swift in Sources */,
			);
			runOnlyForDeploymentPostprocessing = 0;
		};
/* End PBXSourcesBuildPhase section */

/* Begin PBXVariantGroup section */
		1D6DFAAF1FD5E391005A6161 /* Main.storyboard */ = {
			isa = PBXVariantGroup;
			children = (
				1D6DFAB01FD5E391005A6161 /* Base */,
			);
			name = Main.storyboard;
			sourceTree = "<group>";
		};
		1D6DFAB41FD5E391005A6161 /* LaunchScreen.storyboard */ = {
			isa = PBXVariantGroup;
			children = (
				1D6DFAB51FD5E391005A6161 /* Base */,
			);
			name = LaunchScreen.storyboard;
			sourceTree = "<group>";
		};
/* End PBXVariantGroup section */

/* Begin XCBuildConfiguration section */
		1D6DFAB81FD5E391005A6161 /* Debug */ = {
			isa = XCBuildConfiguration;
			buildSettings = {
				ALWAYS_SEARCH_USER_PATHS = NO;
				CLANG_ANALYZER_NONNULL = YES;
				CLANG_ANALYZER_NUMBER_OBJECT_CONVERSION = YES_AGGRESSIVE;
				CLANG_CXX_LANGUAGE_STANDARD = "gnu++14";
				CLANG_CXX_LIBRARY = "libc++";
				CLANG_ENABLE_MODULES = YES;
				CLANG_ENABLE_OBJC_ARC = YES;
				CLANG_WARN_BLOCK_CAPTURE_AUTORELEASING = YES;
				CLANG_WARN_BOOL_CONVERSION = YES;
				CLANG_WARN_COMMA = YES;
				CLANG_WARN_CONSTANT_CONVERSION = YES;
				CLANG_WARN_DIRECT_OBJC_ISA_USAGE = YES_ERROR;
				CLANG_WARN_DOCUMENTATION_COMMENTS = YES;
				CLANG_WARN_EMPTY_BODY = YES;
				CLANG_WARN_ENUM_CONVERSION = YES;
				CLANG_WARN_INFINITE_RECURSION = YES;
				CLANG_WARN_INT_CONVERSION = YES;
				CLANG_WARN_NON_LITERAL_NULL_CONVERSION = YES;
				CLANG_WARN_OBJC_LITERAL_CONVERSION = YES;
				CLANG_WARN_OBJC_ROOT_CLASS = YES_ERROR;
				CLANG_WARN_RANGE_LOOP_ANALYSIS = YES;
				CLANG_WARN_STRICT_PROTOTYPES = YES;
				CLANG_WARN_SUSPICIOUS_MOVE = YES;
				CLANG_WARN_UNGUARDED_AVAILABILITY = YES_AGGRESSIVE;
				CLANG_WARN_UNREACHABLE_CODE = YES;
				CLANG_WARN__DUPLICATE_METHOD_MATCH = YES;
				CODE_SIGN_IDENTITY = "iPhone Developer";
				COPY_PHASE_STRIP = NO;
				DEBUG_INFORMATION_FORMAT = dwarf;
				ENABLE_STRICT_OBJC_MSGSEND = YES;
				ENABLE_TESTABILITY = YES;
				GCC_C_LANGUAGE_STANDARD = gnu11;
				GCC_DYNAMIC_NO_PIC = NO;
				GCC_NO_COMMON_BLOCKS = YES;
				GCC_OPTIMIZATION_LEVEL = 0;
				GCC_PREPROCESSOR_DEFINITIONS = (
					"DEBUG=1",
					"$(inherited)",
				);
				GCC_WARN_64_TO_32_BIT_CONVERSION = YES;
				GCC_WARN_ABOUT_RETURN_TYPE = YES_ERROR;
				GCC_WARN_UNDECLARED_SELECTOR = YES;
				GCC_WARN_UNINITIALIZED_AUTOS = YES_AGGRESSIVE;
				GCC_WARN_UNUSED_FUNCTION = YES;
				GCC_WARN_UNUSED_VARIABLE = YES;
				IPHONEOS_DEPLOYMENT_TARGET = 11.1;
				MTL_ENABLE_DEBUG_INFO = YES;
				ONLY_ACTIVE_ARCH = YES;
				SDKROOT = iphoneos;
				SWIFT_ACTIVE_COMPILATION_CONDITIONS = DEBUG;
				SWIFT_OPTIMIZATION_LEVEL = "-Onone";
			};
			name = Debug;
		};
		1D6DFAB91FD5E391005A6161 /* Release */ = {
			isa = XCBuildConfiguration;
			buildSettings = {
				ALWAYS_SEARCH_USER_PATHS = NO;
				CLANG_ANALYZER_NONNULL = YES;
				CLANG_ANALYZER_NUMBER_OBJECT_CONVERSION = YES_AGGRESSIVE;
				CLANG_CXX_LANGUAGE_STANDARD = "gnu++14";
				CLANG_CXX_LIBRARY = "libc++";
				CLANG_ENABLE_MODULES = YES;
				CLANG_ENABLE_OBJC_ARC = YES;
				CLANG_WARN_BLOCK_CAPTURE_AUTORELEASING = YES;
				CLANG_WARN_BOOL_CONVERSION = YES;
				CLANG_WARN_COMMA = YES;
				CLANG_WARN_CONSTANT_CONVERSION = YES;
				CLANG_WARN_DIRECT_OBJC_ISA_USAGE = YES_ERROR;
				CLANG_WARN_DOCUMENTATION_COMMENTS = YES;
				CLANG_WARN_EMPTY_BODY = YES;
				CLANG_WARN_ENUM_CONVERSION = YES;
				CLANG_WARN_INFINITE_RECURSION = YES;
				CLANG_WARN_INT_CONVERSION = YES;
				CLANG_WARN_NON_LITERAL_NULL_CONVERSION = YES;
				CLANG_WARN_OBJC_LITERAL_CONVERSION = YES;
				CLANG_WARN_OBJC_ROOT_CLASS = YES_ERROR;
				CLANG_WARN_RANGE_LOOP_ANALYSIS = YES;
				CLANG_WARN_STRICT_PROTOTYPES = YES;
				CLANG_WARN_SUSPICIOUS_MOVE = YES;
				CLANG_WARN_UNGUARDED_AVAILABILITY = YES_AGGRESSIVE;
				CLANG_WARN_UNREACHABLE_CODE = YES;
				CLANG_WARN__DUPLICATE_METHOD_MATCH = YES;
				CODE_SIGN_IDENTITY = "iPhone Developer";
				COPY_PHASE_STRIP = NO;
				DEBUG_INFORMATION_FORMAT = "dwarf-with-dsym";
				ENABLE_NS_ASSERTIONS = NO;
				ENABLE_STRICT_OBJC_MSGSEND = YES;
				GCC_C_LANGUAGE_STANDARD = gnu11;
				GCC_NO_COMMON_BLOCKS = YES;
				GCC_WARN_64_TO_32_BIT_CONVERSION = YES;
				GCC_WARN_ABOUT_RETURN_TYPE = YES_ERROR;
				GCC_WARN_UNDECLARED_SELECTOR = YES;
				GCC_WARN_UNINITIALIZED_AUTOS = YES_AGGRESSIVE;
				GCC_WARN_UNUSED_FUNCTION = YES;
				GCC_WARN_UNUSED_VARIABLE = YES;
				IPHONEOS_DEPLOYMENT_TARGET = 11.1;
				MTL_ENABLE_DEBUG_INFO = NO;
				SDKROOT = iphoneos;
				SWIFT_OPTIMIZATION_LEVEL = "-Owholemodule";
				VALIDATE_PRODUCT = YES;
			};
			name = Release;
		};
		1D6DFABB1FD5E391005A6161 /* Debug */ = {
			isa = XCBuildConfiguration;
			buildSettings = {
				ASSETCATALOG_COMPILER_APPICON_NAME = AppIcon;
				CODE_SIGN_STYLE = Automatic;
				DEVELOPMENT_TEAM = 97V68M9ADL;
				INFOPLIST_FILE = currencyconverter/Info.plist;
				LD_RUNPATH_SEARCH_PATHS = "$(inherited) @executable_path/Frameworks";
				PRODUCT_BUNDLE_IDENTIFIER = co.yumikim.currencyconverter;
				PRODUCT_NAME = "$(TARGET_NAME)";
				SWIFT_VERSION = 4.0;
				TARGETED_DEVICE_FAMILY = "1,2";
			};
			name = Debug;
		};
		1D6DFABC1FD5E391005A6161 /* Release */ = {
			isa = XCBuildConfiguration;
			buildSettings = {
				ASSETCATALOG_COMPILER_APPICON_NAME = AppIcon;
				CODE_SIGN_STYLE = Automatic;
				DEVELOPMENT_TEAM = 97V68M9ADL;
				INFOPLIST_FILE = currencyconverter/Info.plist;
				LD_RUNPATH_SEARCH_PATHS = "$(inherited) @executable_path/Frameworks";
				PRODUCT_BUNDLE_IDENTIFIER = co.yumikim.currencyconverter;
				PRODUCT_NAME = "$(TARGET_NAME)";
				SWIFT_VERSION = 4.0;
				TARGETED_DEVICE_FAMILY = "1,2";
			};
			name = Release;
		};
/* End XCBuildConfiguration section */

/* Begin XCConfigurationList section */
		1D6DFAA31FD5E391005A6161 /* Build configuration list for PBXProject "currencyconverter" */ = {
			isa = XCConfigurationList;
			buildConfigurations = (
				1D6DFAB81FD5E391005A6161 /* Debug */,
				1D6DFAB91FD5E391005A6161 /* Release */,
			);
			defaultConfigurationIsVisible = 0;
			defaultConfigurationName = Release;
		};
		1D6DFABA1FD5E391005A6161 /* Build configuration list for PBXNativeTarget "currencyconverter" */ = {
			isa = XCConfigurationList;
			buildConfigurations = (
				1D6DFABB1FD5E391005A6161 /* Debug */,
				1D6DFABC1FD5E391005A6161 /* Release */,
			);
			defaultConfigurationIsVisible = 0;
			defaultConfigurationName = Release;
		};
/* End XCConfigurationList section */
	};
	rootObject = 1D6DFAA01FD5E391005A6161 /* Project object */;
}
